
Microsoft Visual Studio Solution File, Format Version 12.00
# Visual Studio Version 17
VisualStudioVersion = 17.3.32929.385
MinimumVisualStudioVersion = 10.0.40219.1
Project("{FAE04EC0-301F-11D3-BF4B-00C04F79EFBC}") = "WindowsFormsApp_final_proj_PA", "WindowsFormsApp_final_proj_PA\WindowsFormsApp_final_proj_PA.csproj", "{ADC32348-52C9-4CB2-8DCC-401B0FD44B87}"
EndProject
Global
	GlobalSection(SolutionConfigurationPlatforms) = preSolution
		Debug|Any CPU = Debug|Any CPU
		Release|Any CPU = Release|Any CPU
	EndGlobalSection
	GlobalSection(ProjectConfigurationPlatforms) = postSolution
		{ADC32348-52C9-4CB2-8DCC-401B0FD44B87}.Debug|Any CPU.ActiveCfg = Debug|Any CPU
		{ADC32348-52C9-4CB2-8DCC-401B0FD44B87}.Debug|Any CPU.Build.0 = Debug|Any CPU
		{ADC32348-52C9-4CB2-8DCC-401B0FD44B87}.Release|Any CPU.ActiveCfg = Release|Any CPU
		{ADC32348-52C9-4CB2-8DCC-401B0FD44B87}.Release|Any CPU.Build.0 = Release|Any CPU
	EndGlobalSection
	GlobalSection(SolutionProperties) = preSolution
		HideSolutionNode = FALSE
	EndGlobalSection
	GlobalSection(ExtensibilityGlobals) = postSolution
		SolutionGuid = {018489FF-65D7-4BE3-B24E-B359542E501F}
	EndGlobalSection
EndGlobal
